
Microsoft Visual Studio Solution File, Format Version 12.00
# Visual Studio Version 17
VisualStudioVersion = 17.9.34723.18
MinimumVisualStudioVersion = 10.0.40219.1
Project("{FAE04EC0-301F-11D3-BF4B-00C04F79EFBC}") = "Week10HW", "Week10HW\Week10HW.csproj", "{2E53F9F0-CDD8-4A96-B983-4C12C4B972FD}"
EndProject
Global
	GlobalSection(SolutionConfigurationPlatforms) = preSolution
		Debug|Any CPU = Debug|Any CPU
		Release|Any CPU = Release|Any CPU
	EndGlobalSection
	GlobalSection(ProjectConfigurationPlatforms) = postSolution
		{2E53F9F0-CDD8-4A96-B983-4C12C4B972FD}.Debug|Any CPU.ActiveCfg = Debug|Any CPU
		{2E53F9F0-CDD8-4A96-B983-4C12C4B972FD}.Debug|Any CPU.Build.0 = Debug|Any CPU
		{2E53F9F0-CDD8-4A96-B983-4C12C4B972FD}.Release|Any CPU.ActiveCfg = Release|Any CPU
		{2E53F9F0-CDD8-4A96-B983-4C12C4B972FD}.Release|Any CPU.Build.0 = Release|Any CPU
	EndGlobalSection
	GlobalSection(SolutionProperties) = preSolution
		HideSolutionNode = FALSE
	EndGlobalSection
	GlobalSection(ExtensibilityGlobals) = postSolution
		SolutionGuid = {781AA47C-B882-4BBB-8F05-463C9C5FB45A}
	EndGlobalSection
EndGlobal
